
Microsoft Visual Studio Solution File, Format Version 12.00
# Visual Studio Version 17
VisualStudioVersion = 17.11.35222.181
MinimumVisualStudioVersion = 10.0.40219.1
Project("{FAE04EC0-301F-11D3-BF4B-00C04F79EFBC}") = "acceso a hardware y SO", "acceso a hardware y SO\acceso a hardware y SO.csproj", "{D2F2AABD-0112-41CF-9B36-5B254BB027A9}"
EndProject
Project("{FAE04EC0-301F-11D3-BF4B-00C04F79EFBC}") = "WindowsFormsApp1", "WindowsFormsApp1\WindowsFormsApp1.csproj", "{71E51271-21B4-4A56-93C3-3840056860DF}"
EndProject
Global
	GlobalSection(SolutionConfigurationPlatforms) = preSolution
		Debug|Any CPU = Debug|Any CPU
		Release|Any CPU = Release|Any CPU
	EndGlobalSection
	GlobalSection(ProjectConfigurationPlatforms) = postSolution
		{D2F2AABD-0112-41CF-9B36-5B254BB027A9}.Debug|Any CPU.ActiveCfg = Debug|Any CPU
		{D2F2AABD-0112-41CF-9B36-5B254BB027A9}.Debug|Any CPU.Build.0 = Debug|Any CPU
		{D2F2AABD-0112-41CF-9B36-5B254BB027A9}.Release|Any CPU.ActiveCfg = Release|Any CPU
		{D2F2AABD-0112-41CF-9B36-5B254BB027A9}.Release|Any CPU.Build.0 = Release|Any CPU
		{71E51271-21B4-4A56-93C3-3840056860DF}.Debug|Any CPU.ActiveCfg = Debug|Any CPU
		{71E51271-21B4-4A56-93C3-3840056860DF}.Debug|Any CPU.Build.0 = Debug|Any CPU
		{71E51271-21B4-4A56-93C3-3840056860DF}.Release|Any CPU.ActiveCfg = Release|Any CPU
		{71E51271-21B4-4A56-93C3-3840056860DF}.Release|Any CPU.Build.0 = Release|Any CPU
	EndGlobalSection
	GlobalSection(SolutionProperties) = preSolution
		HideSolutionNode = FALSE
	EndGlobalSection
	GlobalSection(ExtensibilityGlobals) = postSolution
		SolutionGuid = {0CFC1D15-7472-46F5-874D-B5E7ADCBB308}
	EndGlobalSection
EndGlobal
