
Microsoft Visual Studio Solution File, Format Version 12.00
# Visual Studio Version 17
VisualStudioVersion = 17.11.35222.181
MinimumVisualStudioVersion = 10.0.40219.1
Project("{FAE04EC0-301F-11D3-BF4B-00C04F79EFBC}") = "WindowsFormsApp3", "WindowsFormsApp3\WindowsFormsApp3.csproj", "{1AC5252C-2B6D-44C4-AC70-31F3C8641AD7}"
EndProject
Global
	GlobalSection(SolutionConfigurationPlatforms) = preSolution
		Debug|Any CPU = Debug|Any CPU
		Release|Any CPU = Release|Any CPU
	EndGlobalSection
	GlobalSection(ProjectConfigurationPlatforms) = postSolution
		{1AC5252C-2B6D-44C4-AC70-31F3C8641AD7}.Debug|Any CPU.ActiveCfg = Debug|Any CPU
		{1AC5252C-2B6D-44C4-AC70-31F3C8641AD7}.Debug|Any CPU.Build.0 = Debug|Any CPU
		{1AC5252C-2B6D-44C4-AC70-31F3C8641AD7}.Release|Any CPU.ActiveCfg = Release|Any CPU
		{1AC5252C-2B6D-44C4-AC70-31F3C8641AD7}.Release|Any CPU.Build.0 = Release|Any CPU
	EndGlobalSection
	GlobalSection(SolutionProperties) = preSolution
		HideSolutionNode = FALSE
	EndGlobalSection
	GlobalSection(ExtensibilityGlobals) = postSolution
		SolutionGuid = {65F4FC73-9ABA-40EB-8492-0E323DB23823}
	EndGlobalSection
EndGlobal
